
Microsoft Visual Studio Solution File, Format Version 12.00
# Visual Studio Version 17
VisualStudioVersion = 17.11.35303.130
MinimumVisualStudioVersion = 10.0.40219.1
Project("{FAE04EC0-301F-11D3-BF4B-00C04F79EFBC}") = "Task2.WebApplicationMVC", "Task2.WebApplication\Task2.WebApplicationMVC.csproj", "{B9FB1198-24B0-4D1E-B9AA-161C329445B9}"
EndProject
Project("{FAE04EC0-301F-11D3-BF4B-00C04F79EFBC}") = "Task2.DAL", "Task2.DAL\Task2.DAL.csproj", "{AEC20FA0-B1A5-4C54-B198-EBC41B0017D5}"
EndProject
Project("{FAE04EC0-301F-11D3-BF4B-00C04F79EFBC}") = "Task2.BLL", "Task2.BLL\Task2.BLL.csproj", "{F3CB850E-D6C8-4E3A-95C1-913CE15B7DE2}"
EndProject
Global
	GlobalSection(SolutionConfigurationPlatforms) = preSolution
		Debug|Any CPU = Debug|Any CPU
		Release|Any CPU = Release|Any CPU
	EndGlobalSection
	GlobalSection(ProjectConfigurationPlatforms) = postSolution
		{B9FB1198-24B0-4D1E-B9AA-161C329445B9}.Debug|Any CPU.ActiveCfg = Debug|Any CPU
		{B9FB1198-24B0-4D1E-B9AA-161C329445B9}.Debug|Any CPU.Build.0 = Debug|Any CPU
		{B9FB1198-24B0-4D1E-B9AA-161C329445B9}.Release|Any CPU.ActiveCfg = Release|Any CPU
		{B9FB1198-24B0-4D1E-B9AA-161C329445B9}.Release|Any CPU.Build.0 = Release|Any CPU
		{AEC20FA0-B1A5-4C54-B198-EBC41B0017D5}.Debug|Any CPU.ActiveCfg = Debug|Any CPU
		{AEC20FA0-B1A5-4C54-B198-EBC41B0017D5}.Debug|Any CPU.Build.0 = Debug|Any CPU
		{AEC20FA0-B1A5-4C54-B198-EBC41B0017D5}.Release|Any CPU.ActiveCfg = Release|Any CPU
		{AEC20FA0-B1A5-4C54-B198-EBC41B0017D5}.Release|Any CPU.Build.0 = Release|Any CPU
		{F3CB850E-D6C8-4E3A-95C1-913CE15B7DE2}.Debug|Any CPU.ActiveCfg = Debug|Any CPU
		{F3CB850E-D6C8-4E3A-95C1-913CE15B7DE2}.Debug|Any CPU.Build.0 = Debug|Any CPU
		{F3CB850E-D6C8-4E3A-95C1-913CE15B7DE2}.Release|Any CPU.ActiveCfg = Release|Any CPU
		{F3CB850E-D6C8-4E3A-95C1-913CE15B7DE2}.Release|Any CPU.Build.0 = Release|Any CPU
	EndGlobalSection
	GlobalSection(SolutionProperties) = preSolution
		HideSolutionNode = FALSE
	EndGlobalSection
	GlobalSection(ExtensibilityGlobals) = postSolution
		SolutionGuid = {A0CA55C7-2D11-407F-A7F6-280611D5F826}
	EndGlobalSection
EndGlobal
